{
  "name": "gbflask",
  "version": "1.0.0",
  "lockfileVersion": 3,
  "requires": true,
  "packages": {
    "": {
      "name": "gbflask",
      "version": "1.0.0",
      "license": "GPL-3.0-or-later",
      "dependencies": {
        "@eonasdan/tempus-dominus": "^6.9.5",
        "@popperjs/core": "^2.11.8",
        "bootstrap": "^5.3.2",
        "jquery": "^3.7.1"
      }
    },
    "node_modules/@eonasdan/tempus-dominus": {
      "version": "6.9.5",
      "resolved": "https://registry.npmjs.org/@eonasdan/tempus-dominus/-/tempus-dominus-6.9.5.tgz",
      "integrity": "sha512-ZH768JZx6K1iw8UpZq9AG1VK2gK4G8wApfwi+nhnfuIpXqIjZit4fgoCWQhofEDORxC8dlg4OCjuvPhn7TB9vg==",
      "funding": {
        "url": "https://ko-fi.com/eonasdan"
      },
      "peerDependencies": {
        "@popperjs/core": "^2.11.6"
      },
      "peerDependenciesMeta": {
        "@popperjs/core\"": {
          "optional": true
        }
      }
    },
    "node_modules/@popperjs/core": {
      "version": "2.11.8",
      "resolved": "https://registry.npmjs.org/@popperjs/core/-/core-2.11.8.tgz",
      "integrity": "sha512-P1st0aksCrn9sGZhp8GMYwBnQsbvAWsZAX44oXNNvLHGqAOcoVxmjZiohstwQ7SqKnbR47akdNi+uleWD8+g6A==",
      "funding": {
        "type": "opencollective",
        "url": "https://opencollective.com/popperjs"
      }
    },
    "node_modules/bootstrap": {
      "version": "5.3.2",
      "resolved": "https://registry.npmjs.org/bootstrap/-/bootstrap-5.3.2.tgz",
      "integrity": "sha512-D32nmNWiQHo94BKHLmOrdjlL05q1c8oxbtBphQFb9Z5to6eGRDCm0QgeaZ4zFBHzfg2++rqa2JkqCcxDy0sH0g==",
      "funding": [
        {
          "type": "github",
          "url": "https://github.com/sponsors/twbs"
        },
        {
          "type": "opencollective",
          "url": "https://opencollective.com/bootstrap"
        }
      ],
      "peerDependencies": {
        "@popperjs/core": "^2.11.8"
      }
    },
    "node_modules/jquery": {
      "version": "3.7.1",
      "resolved": "https://registry.npmjs.org/jquery/-/jquery-3.7.1.tgz",
      "integrity": "sha512-m4avr8yL8kmFN8psrbFFFmB/If14iN5o9nw/NgnnM+kybDJpRsAynV2BsfpTYrTRysYUdADVD7CkUUizgkpLfg=="
    }
  }
}
